PODS:
  - Flutter (1.0.0)
  - flutter_forecaster (0.0.1):
    - Flutter

DEPENDENCIES:
  - Flutter (from `Flutter`)
  - flutter_forecaster (from `.symlinks/plugins/flutter_forecaster/ios`)

EXTERNAL SOURCES:
  Flutter:
    :path: Flutter
  flutter_forecaster:
    :path: ".symlinks/plugins/flutter_forecaster/ios"

SPEC CHECKSUMS:
  Flutter: e0871f40cf51350855a761d2e70bf5af5b9b5de7
  flutter_forecaster: ed8e5c4edd46aa06d59c0e032f611c56fc1c8de3

PODFILE CHECKSUM: 4305caec6b40dde0ae97be1573c53de1882a07e5

COCOAPODS: 1.16.2
